// !$*UTF8*$!
{
	archiveVersion = 1;
	classes = {
	};
	objectVersion = 46;
	objects = {

/* Begin PBXBuildFile section */
		521C1EFA1C5999A6004FBD89 /* PicMapIOSUITests.swift in Sources */ = {isa = PBXBuildFile; fileRef = 521C1EF91C5999A6004FBD89 /* PicMapIOSUITests.swift */; };
		527C8CFE1C599A5C00BA8B0A /* AppDelegate.swift in Sources */ = {isa = PBXBuildFile; fileRef = 527C8CF71C599A5C00BA8B0A /* AppDelegate.swift */; };
		527C8CFF1C599A5C00BA8B0A /* Assets.xcassets in Resources */ = {isa = PBXBuildFile; fileRef = 527C8CF91C599A5C00BA8B0A /* Assets.xcassets */; };
		527C8D001C599A5C00BA8B0A /* LaunchScreen.storyboard in Resources */ = {isa = PBXBuildFile; fileRef = 527C8CFA1C599A5C00BA8B0A /* LaunchScreen.storyboard */; };
		527C8D011C599A5C00BA8B0A /* Main.storyboard in Resources */ = {isa = PBXBuildFile; fileRef = 527C8CFC1C599A5C00BA8B0A /* Main.storyboard */; };
		52972ACE1C5E71F000AE7D4E /* Either.swift in Sources */ = {isa = PBXBuildFile; fileRef = 52972ACD1C5E71F000AE7D4E /* Either.swift */; };
		52CD8F2B1C5E532B002DC9DD /* Coordinate2DTransform.swift in Sources */ = {isa = PBXBuildFile; fileRef = 52CD8F1A1C5E532B002DC9DD /* Coordinate2DTransform.swift */; };
		52CD8F2C1C5E532B002DC9DD /* NSObject+ClassName.swift in Sources */ = {isa = PBXBuildFile; fileRef = 52CD8F1B1C5E532B002DC9DD /* NSObject+ClassName.swift */; };
		52CD8F2D1C5E532B002DC9DD /* Number+Random.swift in Sources */ = {isa = PBXBuildFile; fileRef = 52CD8F1C1C5E532B002DC9DD /* Number+Random.swift */; };
		52CD8F2E1C5E532B002DC9DD /* MMArrayCollectionViewProxy.swift in Sources */ = {isa = PBXBuildFile; fileRef = 52CD8F1E1C5E532B002DC9DD /* MMArrayCollectionViewProxy.swift */; };
		52CD8F2F1C5E532B002DC9DD /* MMArrayTableViewProxy.swift in Sources */ = {isa = PBXBuildFile; fileRef = 52CD8F1F1C5E532B002DC9DD /* MMArrayTableViewProxy.swift */; };
		52CD8F301C5E532B002DC9DD /* MMTabBarItem.swift in Sources */ = {isa = PBXBuildFile; fileRef = 52CD8F211C5E532B002DC9DD /* MMTabBarItem.swift */; };
		52CD8F311C5E532B002DC9DD /* MPLabel.swift in Sources */ = {isa = PBXBuildFile; fileRef = 52CD8F221C5E532B002DC9DD /* MPLabel.swift */; };
		52CD8F321C5E532B002DC9DD /* MPXIBView.swift in Sources */ = {isa = PBXBuildFile; fileRef = 52CD8F231C5E532B002DC9DD /* MPXIBView.swift */; };
		52CD8F331C5E532B002DC9DD /* UITabBarItem+UseOriginImage.m in Sources */ = {isa = PBXBuildFile; fileRef = 52CD8F251C5E532B002DC9DD /* UITabBarItem+UseOriginImage.m */; };
		52CD8F341C5E532B002DC9DD /* UITableView+Extension.swift in Sources */ = {isa = PBXBuildFile; fileRef = 52CD8F261C5E532B002DC9DD /* UITableView+Extension.swift */; };
		52CD8F351C5E532B002DC9DD /* UIView+Factory.swift in Sources */ = {isa = PBXBuildFile; fileRef = 52CD8F271C5E532B002DC9DD /* UIView+Factory.swift */; };
		52CD8F361C5E532B002DC9DD /* MMTabBarController.m in Sources */ = {isa = PBXBuildFile; fileRef = 52CD8F2A1C5E532B002DC9DD /* MMTabBarController.m */; };
		52CD8F3E1C5E54E2002DC9DD /* PlantConfigurator.swift in Sources */ = {isa = PBXBuildFile; fileRef = 52CD8F371C5E54E2002DC9DD /* PlantConfigurator.swift */; };
		52CD8F3F1C5E54E2002DC9DD /* PlantInteractor.swift in Sources */ = {isa = PBXBuildFile; fileRef = 52CD8F381C5E54E2002DC9DD /* PlantInteractor.swift */; };
		52CD8F401C5E54E2002DC9DD /* PlantModels.swift in Sources */ = {isa = PBXBuildFile; fileRef = 52CD8F391C5E54E2002DC9DD /* PlantModels.swift */; };
		52CD8F411C5E54E2002DC9DD /* PlantPresenter.swift in Sources */ = {isa = PBXBuildFile; fileRef = 52CD8F3A1C5E54E2002DC9DD /* PlantPresenter.swift */; };
		52CD8F421C5E54E2002DC9DD /* PlantRouter.swift in Sources */ = {isa = PBXBuildFile; fileRef = 52CD8F3B1C5E54E2002DC9DD /* PlantRouter.swift */; };
		52CD8F431C5E54E2002DC9DD /* PlantViewController.swift in Sources */ = {isa = PBXBuildFile; fileRef = 52CD8F3C1C5E54E2002DC9DD /* PlantViewController.swift */; };
		52CD8F441C5E54E2002DC9DD /* PlantWorker.swift in Sources */ = {isa = PBXBuildFile; fileRef = 52CD8F3D1C5E54E2002DC9DD /* PlantWorker.swift */; };
		52FCDE9A1C5CA1CD00ABC19D /* CameraConfigurator.swift in Sources */ = {isa = PBXBuildFile; fileRef = 52FCDE931C5CA1CD00ABC19D /* CameraConfigurator.swift */; };
		52FCDE9B1C5CA1CD00ABC19D /* CameraInteractor.swift in Sources */ = {isa = PBXBuildFile; fileRef = 52FCDE941C5CA1CD00ABC19D /* CameraInteractor.swift */; };
		52FCDE9C1C5CA1CD00ABC19D /* CameraModels.swift in Sources */ = {isa = PBXBuildFile; fileRef = 52FCDE951C5CA1CD00ABC19D /* CameraModels.swift */; };
		52FCDE9D1C5CA1CD00ABC19D /* CameraPresenter.swift in Sources */ = {isa = PBXBuildFile; fileRef = 52FCDE961C5CA1CD00ABC19D /* CameraPresenter.swift */; };
		52FCDE9E1C5CA1CD00ABC19D /* CameraRouter.swift in Sources */ = {isa = PBXBuildFile; fileRef = 52FCDE971C5CA1CD00ABC19D /* CameraRouter.swift */; };
		52FCDE9F1C5CA1CD00ABC19D /* CameraViewController.swift in Sources */ = {isa = PBXBuildFile; fileRef = 52FCDE981C5CA1CD00ABC19D /* CameraViewController.swift */; };
		52FCDEA01C5CA1CD00ABC19D /* CameraWorker.swift in Sources */ = {isa = PBXBuildFile; fileRef = 52FCDE991C5CA1CD00ABC19D /* CameraWorker.swift */; };
		52FCDEA31C5CA37900ABC19D /* PMITabBarController.swift in Sources */ = {isa = PBXBuildFile; fileRef = 52FCDEA21C5CA37900ABC19D /* PMITabBarController.swift */; };
		52FCDEA51C5CA53E00ABC19D /* PMIViewControllerLink.swift in Sources */ = {isa = PBXBuildFile; fileRef = 52FCDEA41C5CA53E00ABC19D /* PMIViewControllerLink.swift */; };
		52FCDEA71C5CAF1900ABC19D /* PMIViewControllerLinkTests.swift in Sources */ = {isa = PBXBuildFile; fileRef = 52FCDEA61C5CAF1900ABC19D /* PMIViewControllerLinkTests.swift */; };
		52FCDEAB1C5CC13900ABC19D /* Camera.storyboard in Resources */ = {isa = PBXBuildFile; fileRef = 52FCDEAA1C5CC13900ABC19D /* Camera.storyboard */; };
		52FCDEB31C5CC20200ABC19D /* Profile.storyboard in Resources */ = {isa = PBXBuildFile; fileRef = 52FCDEB21C5CC20200ABC19D /* Profile.storyboard */; };
		52FCDEBA1C5CC30F00ABC19D /* Plant.storyboard in Resources */ = {isa = PBXBuildFile; fileRef = 52FCDEB91C5CC30F00ABC19D /* Plant.storyboard */; };
		52FCDEBC1C5CC7F200ABC19D /* PMITabBarControllerTests.swift in Sources */ = {isa = PBXBuildFile; fileRef = 52FCDEBB1C5CC7F200ABC19D /* PMITabBarControllerTests.swift */; };
		52FCDECE1C5CF2C200ABC19D /* Test.storyboard in Resources */ = {isa = PBXBuildFile; fileRef = 52FCDECD1C5CF2C200ABC19D /* Test.storyboard */; };
		52FCDED51C5CF85000ABC19D /* TestViewController.swift in Sources */ = {isa = PBXBuildFile; fileRef = 52FCDED31C5CF85000ABC19D /* TestViewController.swift */; };
		52FCDED61C5CF85000ABC19D /* TestViewController.xib in Resources */ = {isa = PBXBuildFile; fileRef = 52FCDED41C5CF85000ABC19D /* TestViewController.xib */; };
		52FCDED81C5D057400ABC19D /* TestViewControllerNoNib.swift in Sources */ = {isa = PBXBuildFile; fileRef = 52FCDED71C5D057400ABC19D /* TestViewControllerNoNib.swift */; };
		52FCDEDA1C5D05A500ABC19D /* PMITestCase.swift in Sources */ = {isa = PBXBuildFile; fileRef = 52FCDED91C5D05A500ABC19D /* PMITestCase.swift */; };
		5845B1C14446E3957599AD3D /* Pods.framework in Frameworks */ = {isa = PBXBuildFile; fileRef = 6B117A7EF90D449A2A47C384 /* Pods.framework */; };
		B3CB21733AB69D9196B317E5 /* Pods_PicMapIOSTests.framework in Frameworks */ = {isa = PBXBuildFile; fileRef = 17993C673BBA09D2D110D922 /* Pods_PicMapIOSTests.framework */; };
/* End PBXBuildFile section */

/* Begin PBXContainerItemProxy section */
		521C1EEB1C5999A6004FBD89 /* PBXContainerItemProxy */ = {
			isa = PBXContainerItemProxy;
			containerPortal = 521C1ECE1C5999A6004FBD89 /* Project object */;
			proxyType = 1;
			remoteGlobalIDString = 521C1ED51C5999A6004FBD89;
			remoteInfo = PicMapIOS;
		};
		521C1EF61C5999A6004FBD89 /* PBXContainerItemProxy */ = {
			isa = PBXContainerItemProxy;
			containerPortal = 521C1ECE1C5999A6004FBD89 /* Project object */;
			proxyType = 1;
			remoteGlobalIDString = 521C1ED51C5999A6004FBD89;
			remoteInfo = PicMapIOS;
		};
/* End PBXContainerItemProxy section */

/* Begin PBXFileReference section */
		063DCCA166B75E93B2718FA6 /* Pods-PicMapIOSTests.debug.xcconfig */ = {isa = PBXFileReference; includeInIndex = 1; lastKnownFileType = text.xcconfig; name = "Pods-PicMapIOSTests.debug.xcconfig"; path = "Pods/Target Support Files/Pods-PicMapIOSTests/Pods-PicMapIOSTests.debug.xcconfig"; sourceTree = "<group>"; };
		17993C673BBA09D2D110D922 /* Pods_PicMapIOSTests.framework */ = {isa = PBXFileReference; explicitFileType = wrapper.framework; includeInIndex = 0; path = Pods_PicMapIOSTests.framework; sourceTree = BUILT_PRODUCTS_DIR; };
		50AB1794B443698F5EF3E39D /* Pods.debug.xcconfig */ = {isa = PBXFileReference; includeInIndex = 1; lastKnownFileType = text.xcconfig; name = Pods.debug.xcconfig; path = "Pods/Target Support Files/Pods/Pods.debug.xcconfig"; sourceTree = "<group>"; };
		521C1ED61C5999A6004FBD89 /* PicMapIOS.app */ = {isa = PBXFileReference; explicitFileType = wrapper.application; includeInIndex = 0; path = PicMapIOS.app; sourceTree = BUILT_PRODUCTS_DIR; };
		521C1EE51C5999A6004FBD89 /* Info.plist */ = {isa = PBXFileReference; lastKnownFileType = text.plist.xml; path = Info.plist; sourceTree = "<group>"; };
		521C1EEA1C5999A6004FBD89 /* PicMapIOSTests.xctest */ = {isa = PBXFileReference; explicitFileType = wrapper.cfbundle; includeInIndex = 0; path = PicMapIOSTests.xctest; sourceTree = BUILT_PRODUCTS_DIR; };
		521C1EF01C5999A6004FBD89 /* Info.plist */ = {isa = PBXFileReference; lastKnownFileType = text.plist.xml; path = Info.plist; sourceTree = "<group>"; };
		521C1EF51C5999A6004FBD89 /* PicMapIOSUITests.xctest */ = {isa = PBXFileReference; explicitFileType = wrapper.cfbundle; includeInIndex = 0; path = PicMapIOSUITests.xctest; sourceTree = BUILT_PRODUCTS_DIR; };
		521C1EF91C5999A6004FBD89 /* PicMapIOSUITests.swift */ = {isa = PBXFileReference; lastKnownFileType = sourcecode.swift; path = PicMapIOSUITests.swift; sourceTree = "<group>"; };
		521C1EFB1C5999A6004FBD89 /* Info.plist */ = {isa = PBXFileReference; lastKnownFileType = text.plist.xml; path = Info.plist; sourceTree = "<group>"; };
		527C8CF71C599A5C00BA8B0A /* AppDelegate.swift */ = {isa = PBXFileReference; fileEncoding = 4; lastKnownFileType = sourcecode.swift; path = AppDelegate.swift; sourceTree = "<group>"; };
		527C8CF91C599A5C00BA8B0A /* Assets.xcassets */ = {isa = PBXFileReference; lastKnownFileType = folder.assetcatalog; path = Assets.xcassets; sourceTree = "<group>"; };
		527C8CFB1C599A5C00BA8B0A /* Base */ = {isa = PBXFileReference; lastKnownFileType = file.storyboard; name = Base; path = Base.lproj/LaunchScreen.storyboard; sourceTree = "<group>"; };
		527C8CFD1C599A5C00BA8B0A /* Base */ = {isa = PBXFileReference; lastKnownFileType = file.storyboard; name = Base; path = Base.lproj/Main.storyboard; sourceTree = "<group>"; };
		52972ACD1C5E71F000AE7D4E /* Either.swift */ = {isa = PBXFileReference; fileEncoding = 4; lastKnownFileType = sourcecode.swift; path = Either.swift; sourceTree = "<group>"; };
		52CD8F1A1C5E532B002DC9DD /* Coordinate2DTransform.swift */ = {isa = PBXFileReference; fileEncoding = 4; lastKnownFileType = sourcecode.swift; path = Coordinate2DTransform.swift; sourceTree = "<group>"; };
		52CD8F1B1C5E532B002DC9DD /* NSObject+ClassName.swift */ = {isa = PBXFileReference; fileEncoding = 4; lastKnownFileType = sourcecode.swift; path = "NSObject+ClassName.swift"; sourceTree = "<group>"; };
		52CD8F1C1C5E532B002DC9DD /* Number+Random.swift */ = {isa = PBXFileReference; fileEncoding = 4; lastKnownFileType = sourcecode.swift; path = "Number+Random.swift"; sourceTree = "<group>"; };
		52CD8F1E1C5E532B002DC9DD /* MMArrayCollectionViewProxy.swift */ = {isa = PBXFileReference; fileEncoding = 4; lastKnownFileType = sourcecode.swift; path = MMArrayCollectionViewProxy.swift; sourceTree = "<group>"; };
		52CD8F1F1C5E532B002DC9DD /* MMArrayTableViewProxy.swift */ = {isa = PBXFileReference; fileEncoding = 4; lastKnownFileType = sourcecode.swift; path = MMArrayTableViewProxy.swift; sourceTree = "<group>"; };
		52CD8F211C5E532B002DC9DD /* MMTabBarItem.swift */ = {isa = PBXFileReference; fileEncoding = 4; lastKnownFileType = sourcecode.swift; path = MMTabBarItem.swift; sourceTree = "<group>"; };
		52CD8F221C5E532B002DC9DD /* MPLabel.swift */ = {isa = PBXFileReference; fileEncoding = 4; lastKnownFileType = sourcecode.swift; path = MPLabel.swift; sourceTree = "<group>"; };
		52CD8F231C5E532B002DC9DD /* MPXIBView.swift */ = {isa = PBXFileReference; fileEncoding = 4; lastKnownFileType = sourcecode.swift; path = MPXIBView.swift; sourceTree = "<group>"; };
		52CD8F241C5E532B002DC9DD /* UITabBarItem+UseOriginImage.h */ = {isa = PBXFileReference; fileEncoding = 4; lastKnownFileType = sourcecode.c.h; path = "UITabBarItem+UseOriginImage.h"; sourceTree = "<group>"; };
		52CD8F251C5E532B002DC9DD /* UITabBarItem+UseOriginImage.m */ = {isa = PBXFileReference; fileEncoding = 4; lastKnownFileType = sourcecode.c.objc; path = "UITabBarItem+UseOriginImage.m"; sourceTree = "<group>"; };
		52CD8F261C5E532B002DC9DD /* UITableView+Extension.swift */ = {isa = PBXFileReference; fileEncoding = 4; lastKnownFileType = sourcecode.swift; path = "UITableView+Extension.swift"; sourceTree = "<group>"; };
		52CD8F271C5E532B002DC9DD /* UIView+Factory.swift */ = {isa = PBXFileReference; fileEncoding = 4; lastKnownFileType = sourcecode.swift; path = "UIView+Factory.swift"; sourceTree = "<group>"; };
		52CD8F291C5E532B002DC9DD /* MMTabBarController.h */ = {isa = PBXFileReference; fileEncoding = 4; lastKnownFileType = sourcecode.c.h; path = MMTabBarController.h; sourceTree = "<group>"; };
		52CD8F2A1C5E532B002DC9DD /* MMTabBarController.m */ = {isa = PBXFileReference; fileEncoding = 4; lastKnownFileType = sourcecode.c.objc; path = MMTabBarController.m; sourceTree = "<group>"; };
		52CD8F371C5E54E2002DC9DD /* PlantConfigurator.swift */ = {isa = PBXFileReference; fileEncoding = 4; lastKnownFileType = sourcecode.swift; name = PlantConfigurator.swift; path = Scenes/Plant/PlantConfigurator.swift; sourceTree = "<group>"; };
		52CD8F381C5E54E2002DC9DD /* PlantInteractor.swift */ = {isa = PBXFileReference; fileEncoding = 4; lastKnownFileType = sourcecode.swift; name = PlantInteractor.swift; path = Scenes/Plant/PlantInteractor.swift; sourceTree = "<group>"; };
		52CD8F391C5E54E2002DC9DD /* PlantModels.swift */ = {isa = PBXFileReference; fileEncoding = 4; lastKnownFileType = sourcecode.swift; name = PlantModels.swift; path = Scenes/Plant/PlantModels.swift; sourceTree = "<group>"; };
		52CD8F3A1C5E54E2002DC9DD /* PlantPresenter.swift */ = {isa = PBXFileReference; fileEncoding = 4; lastKnownFileType = sourcecode.swift; name = PlantPresenter.swift; path = Scenes/Plant/PlantPresenter.swift; sourceTree = "<group>"; };
		52CD8F3B1C5E54E2002DC9DD /* PlantRouter.swift */ = {isa = PBXFileReference; fileEncoding = 4; lastKnownFileType = sourcecode.swift; name = PlantRouter.swift; path = Scenes/Plant/PlantRouter.swift; sourceTree = "<group>"; };
		52CD8F3C1C5E54E2002DC9DD /* PlantViewController.swift */ = {isa = PBXFileReference; fileEncoding = 4; lastKnownFileType = sourcecode.swift; name = PlantViewController.swift; path = Scenes/Plant/PlantViewController.swift; sourceTree = "<group>"; };
		52CD8F3D1C5E54E2002DC9DD /* PlantWorker.swift */ = {isa = PBXFileReference; fileEncoding = 4; lastKnownFileType = sourcecode.swift; name = PlantWorker.swift; path = Scenes/Plant/PlantWorker.swift; sourceTree = "<group>"; };
		52FCDE931C5CA1CD00ABC19D /* CameraConfigurator.swift */ = {isa = PBXFileReference; fileEncoding = 4; lastKnownFileType = sourcecode.swift; path = CameraConfigurator.swift; sourceTree = "<group>"; };
		52FCDE941C5CA1CD00ABC19D /* CameraInteractor.swift */ = {isa = PBXFileReference; fileEncoding = 4; lastKnownFileType = sourcecode.swift; path = CameraInteractor.swift; sourceTree = "<group>"; };
		52FCDE951C5CA1CD00ABC19D /* CameraModels.swift */ = {isa = PBXFileReference; fileEncoding = 4; lastKnownFileType = sourcecode.swift; path = CameraModels.swift; sourceTree = "<group>"; };
		52FCDE961C5CA1CD00ABC19D /* CameraPresenter.swift */ = {isa = PBXFileReference; fileEncoding = 4; lastKnownFileType = sourcecode.swift; path = CameraPresenter.swift; sourceTree = "<group>"; };
		52FCDE971C5CA1CD00ABC19D /* CameraRouter.swift */ = {isa = PBXFileReference; fileEncoding = 4; lastKnownFileType = sourcecode.swift; path = CameraRouter.swift; sourceTree = "<group>"; };
		52FCDE981C5CA1CD00ABC19D /* CameraViewController.swift */ = {isa = PBXFileReference; fileEncoding = 4; lastKnownFileType = sourcecode.swift; path = CameraViewController.swift; sourceTree = "<group>"; };
		52FCDE991C5CA1CD00ABC19D /* CameraWorker.swift */ = {isa = PBXFileReference; fileEncoding = 4; lastKnownFileType = sourcecode.swift; path = CameraWorker.swift; sourceTree = "<group>"; };
		52FCDEA21C5CA37900ABC19D /* PMITabBarController.swift */ = {isa = PBXFileReference; fileEncoding = 4; lastKnownFileType = sourcecode.swift; name = PMITabBarController.swift; path = Controller/PMITabBarController.swift; sourceTree = "<group>"; };
		52FCDEA41C5CA53E00ABC19D /* PMIViewControllerLink.swift */ = {isa = PBXFileReference; fileEncoding = 4; lastKnownFileType = sourcecode.swift; path = PMIViewControllerLink.swift; sourceTree = "<group>"; };
		52FCDEA61C5CAF1900ABC19D /* PMIViewControllerLinkTests.swift */ = {isa = PBXFileReference; fileEncoding = 4; lastKnownFileType = sourcecode.swift; path = PMIViewControllerLinkTests.swift; sourceTree = "<group>"; };
		52FCDEAA1C5CC13900ABC19D /* Camera.storyboard */ = {isa = PBXFileReference; fileEncoding = 4; lastKnownFileType = file.storyboard; name = Camera.storyboard; path = UI/Camera.storyboard; sourceTree = "<group>"; };
		52FCDEB21C5CC20200ABC19D /* Profile.storyboard */ = {isa = PBXFileReference; fileEncoding = 4; lastKnownFileType = file.storyboard; path = Profile.storyboard; sourceTree = "<group>"; };
		52FCDEB91C5CC30F00ABC19D /* Plant.storyboard */ = {isa = PBXFileReference; fileEncoding = 4; lastKnownFileType = file.storyboard; path = Plant.storyboard; sourceTree = "<group>"; };
		52FCDEBB1C5CC7F200ABC19D /* PMITabBarControllerTests.swift */ = {isa = PBXFileReference; fileEncoding = 4; lastKnownFileType = sourcecode.swift; path = PMITabBarControllerTests.swift; sourceTree = "<group>"; };
		52FCDEC51C5CDEBF00ABC19D /* home.gpx */ = {isa = PBXFileReference; fileEncoding = 4; lastKnownFileType = text.xml; path = home.gpx; sourceTree = "<group>"; };
		52FCDEC71C5CDEBF00ABC19D /* test-location.gpx */ = {isa = PBXFileReference; fileEncoding = 4; lastKnownFileType = text.xml; path = "test-location.gpx"; sourceTree = "<group>"; };
		52FCDECC1C5CEF8600ABC19D /* PicMapIOS-Bridging-Header.h */ = {isa = PBXFileReference; fileEncoding = 4; lastKnownFileType = sourcecode.c.h; path = "PicMapIOS-Bridging-Header.h"; sourceTree = "<group>"; };
		52FCDECD1C5CF2C200ABC19D /* Test.storyboard */ = {isa = PBXFileReference; fileEncoding = 4; lastKnownFileType = file.storyboard; path = Test.storyboard; sourceTree = "<group>"; };
		52FCDED31C5CF85000ABC19D /* TestViewController.swift */ = {isa = PBXFileReference; fileEncoding = 4; lastKnownFileType = sourcecode.swift; path = TestViewController.swift; sourceTree = "<group>"; };
		52FCDED41C5CF85000ABC19D /* TestViewController.xib */ = {isa = PBXFileReference; fileEncoding = 4; lastKnownFileType = file.xib; path = TestViewController.xib; sourceTree = "<group>"; };
		52FCDED71C5D057400ABC19D /* TestViewControllerNoNib.swift */ = {isa = PBXFileReference; fileEncoding = 4; lastKnownFileType = sourcecode.swift; path = TestViewControllerNoNib.swift; sourceTree = "<group>"; };
		52FCDED91C5D05A500ABC19D /* PMITestCase.swift */ = {isa = PBXFileReference; fileEncoding = 4; lastKnownFileType = sourcecode.swift; path = PMITestCase.swift; sourceTree = "<group>"; };
		5E0128B0EF191FDFD7D99233 /* Pods.release.xcconfig */ = {isa = PBXFileReference; includeInIndex = 1; lastKnownFileType = text.xcconfig; name = Pods.release.xcconfig; path = "Pods/Target Support Files/Pods/Pods.release.xcconfig"; sourceTree = "<group>"; };
		6B117A7EF90D449A2A47C384 /* Pods.framework */ = {isa = PBXFileReference; explicitFileType = wrapper.framework; includeInIndex = 0; path = Pods.framework; sourceTree = BUILT_PRODUCTS_DIR; };
		6BAE29B09F03FADB483809E0 /* SuggestedColors.plist */ = {isa = PBXFileReference; fileEncoding = 4; lastKnownFileType = text.plist.strings; path = SuggestedColors.plist; sourceTree = "<group>"; };
		EB5B78C81664C93A9086EB41 /* Pods-PicMapIOSTests.release.xcconfig */ = {isa = PBXFileReference; includeInIndex = 1; lastKnownFileType = text.xcconfig; name = "Pods-PicMapIOSTests.release.xcconfig"; path = "Pods/Target Support Files/Pods-PicMapIOSTests/Pods-PicMapIOSTests.release.xcconfig"; sourceTree = "<group>"; };
/* End PBXFileReference section */

/* Begin PBXFrameworksBuildPhase section */
		521C1ED31C5999A6004FBD89 /* Frameworks */ = {
			isa = PBXFrameworksBuildPhase;
			buildActionMask = 2147483647;
			files = (
				5845B1C14446E3957599AD3D /* Pods.framework in Frameworks */,
			);
			runOnlyForDeploymentPostprocessing = 0;
		};
		521C1EE71C5999A6004FBD89 /* Frameworks */ = {
			isa = PBXFrameworksBuildPhase;
			buildActionMask = 2147483647;
			files = (
				B3CB21733AB69D9196B317E5 /* Pods_PicMapIOSTests.framework in Frameworks */,
			);
			runOnlyForDeploymentPostprocessing = 0;
		};
		521C1EF21C5999A6004FBD89 /* Frameworks */ = {
			isa = PBXFrameworksBuildPhase;
			buildActionMask = 2147483647;
			files = (
			);
			runOnlyForDeploymentPostprocessing = 0;
		};
/* End PBXFrameworksBuildPhase section */

/* Begin PBXGroup section */
		3D5EDE858E1DE4D2F2A2FF40 /* Pods */ = {
			isa = PBXGroup;
			children = (
				50AB1794B443698F5EF3E39D /* Pods.debug.xcconfig */,
				5E0128B0EF191FDFD7D99233 /* Pods.release.xcconfig */,
				063DCCA166B75E93B2718FA6 /* Pods-PicMapIOSTests.debug.xcconfig */,
				EB5B78C81664C93A9086EB41 /* Pods-PicMapIOSTests.release.xcconfig */,
			);
			name = Pods;
			sourceTree = "<group>";
		};
		521C1ECD1C5999A6004FBD89 = {
			isa = PBXGroup;
			children = (
				521C1ED81C5999A6004FBD89 /* PicMapIOS */,
				521C1EED1C5999A6004FBD89 /* PicMapIOSTests */,
				521C1EF81C5999A6004FBD89 /* PicMapIOSUITests */,
				521C1ED71C5999A6004FBD89 /* Products */,
				3D5EDE858E1DE4D2F2A2FF40 /* Pods */,
				93FC1612FE9A670B8B47236C /* Frameworks */,
			);
			sourceTree = "<group>";
		};
		521C1ED71C5999A6004FBD89 /* Products */ = {
			isa = PBXGroup;
			children = (
				521C1ED61C5999A6004FBD89 /* PicMapIOS.app */,
				521C1EEA1C5999A6004FBD89 /* PicMapIOSTests.xctest */,
				521C1EF51C5999A6004FBD89 /* PicMapIOSUITests.xctest */,
			);
			name = Products;
			sourceTree = "<group>";
		};
		521C1ED81C5999A6004FBD89 /* PicMapIOS */ = {
			isa = PBXGroup;
			children = (
				52CD8F171C5E532B002DC9DD /* Vendor */,
				52FCDEC41C5CDEBF00ABC19D /* Support */,
				52FCDEC81C5CDEBF00ABC19D /* Resource */,
				52B5B6F71C5C4E1E007A2807 /* Scenes */,
				527C8CF61C599A5C00BA8B0A /* App */,
				521C1EE51C5999A6004FBD89 /* Info.plist */,
				6BAE29B09F03FADB483809E0 /* SuggestedColors.plist */,
			);
			path = PicMapIOS;
			sourceTree = "<group>";
		};
		521C1EED1C5999A6004FBD89 /* PicMapIOSTests */ = {
			isa = PBXGroup;
			children = (
				521C1EF01C5999A6004FBD89 /* Info.plist */,
				52FCDEA81C5CAF3600ABC19D /* Tests */,
			);
			path = PicMapIOSTests;
			sourceTree = "<group>";
		};
		521C1EF81C5999A6004FBD89 /* PicMapIOSUITests */ = {
			isa = PBXGroup;
			children = (
				521C1EF91C5999A6004FBD89 /* PicMapIOSUITests.swift */,
				521C1EFB1C5999A6004FBD89 /* Info.plist */,
			);
			path = PicMapIOSUITests;
			sourceTree = "<group>";
		};
		527C8CF61C599A5C00BA8B0A /* App */ = {
			isa = PBXGroup;
			children = (
				52FCDEA11C5CA33F00ABC19D /* Controller */,
				527C8CF71C599A5C00BA8B0A /* AppDelegate.swift */,
				527C8CF81C599A5C00BA8B0A /* UI */,
			);
			path = App;
			sourceTree = "<group>";
		};
		527C8CF81C599A5C00BA8B0A /* UI */ = {
			isa = PBXGroup;
			children = (
				527C8CF91C599A5C00BA8B0A /* Assets.xcassets */,
				527C8CFA1C599A5C00BA8B0A /* LaunchScreen.storyboard */,
				527C8CFC1C599A5C00BA8B0A /* Main.storyboard */,
			);
			path = UI;
			sourceTree = "<group>";
		};
		52B5B6F71C5C4E1E007A2807 /* Scenes */ = {
			isa = PBXGroup;
			children = (
				52FCDEAD1C5CC17A00ABC19D /* Profile */,
				52FCDEAC1C5CC16A00ABC19D /* Plant */,
				52FCDE921C5CA1CD00ABC19D /* Camera */,
			);
			name = Scenes;
			sourceTree = "<group>";
		};
		52CD8F171C5E532B002DC9DD /* Vendor */ = {
			isa = PBXGroup;
			children = (
				52CD8F181C5E532B002DC9DD /* MagicPocket */,
			);
			path = Vendor;
			sourceTree = "<group>";
		};
		52CD8F181C5E532B002DC9DD /* MagicPocket */ = {
			isa = PBXGroup;
			children = (
				52CD8F191C5E532B002DC9DD /* Foundation */,
				52CD8F1D1C5E532B002DC9DD /* Proxy */,
				52CD8F201C5E532B002DC9DD /* View */,
				52CD8F281C5E532B002DC9DD /* ViewController */,
			);
			path = MagicPocket;
			sourceTree = "<group>";
		};
		52CD8F191C5E532B002DC9DD /* Foundation */ = {
			isa = PBXGroup;
			children = (
				52CD8F1A1C5E532B002DC9DD /* Coordinate2DTransform.swift */,
				52CD8F1B1C5E532B002DC9DD /* NSObject+ClassName.swift */,
				52CD8F1C1C5E532B002DC9DD /* Number+Random.swift */,
			);
			path = Foundation;
			sourceTree = "<group>";
		};
		52CD8F1D1C5E532B002DC9DD /* Proxy */ = {
			isa = PBXGroup;
			children = (
				52CD8F1E1C5E532B002DC9DD /* MMArrayCollectionViewProxy.swift */,
				52CD8F1F1C5E532B002DC9DD /* MMArrayTableViewProxy.swift */,
			);
			path = Proxy;
			sourceTree = "<group>";
		};
		52CD8F201C5E532B002DC9DD /* View */ = {
			isa = PBXGroup;
			children = (
				52CD8F211C5E532B002DC9DD /* MMTabBarItem.swift */,
				52CD8F221C5E532B002DC9DD /* MPLabel.swift */,
				52CD8F231C5E532B002DC9DD /* MPXIBView.swift */,
				52CD8F241C5E532B002DC9DD /* UITabBarItem+UseOriginImage.h */,
				52CD8F251C5E532B002DC9DD /* UITabBarItem+UseOriginImage.m */,
				52CD8F261C5E532B002DC9DD /* UITableView+Extension.swift */,
				52CD8F271C5E532B002DC9DD /* UIView+Factory.swift */,
				52972ACD1C5E71F000AE7D4E /* Either.swift */,
			);
			path = View;
			sourceTree = "<group>";
		};
		52CD8F281C5E532B002DC9DD /* ViewController */ = {
			isa = PBXGroup;
			children = (
				52CD8F291C5E532B002DC9DD /* MMTabBarController.h */,
				52CD8F2A1C5E532B002DC9DD /* MMTabBarController.m */,
			);
			path = ViewController;
			sourceTree = "<group>";
		};
		52FCDE921C5CA1CD00ABC19D /* Camera */ = {
			isa = PBXGroup;
			children = (
				52FCDEA91C5CC11D00ABC19D /* UI */,
				52FCDE931C5CA1CD00ABC19D /* CameraConfigurator.swift */,
				52FCDE941C5CA1CD00ABC19D /* CameraInteractor.swift */,
				52FCDE951C5CA1CD00ABC19D /* CameraModels.swift */,
				52FCDE961C5CA1CD00ABC19D /* CameraPresenter.swift */,
				52FCDE971C5CA1CD00ABC19D /* CameraRouter.swift */,
				52FCDE981C5CA1CD00ABC19D /* CameraViewController.swift */,
				52FCDE991C5CA1CD00ABC19D /* CameraWorker.swift */,
			);
			name = Camera;
			path = Scenes/Camera;
			sourceTree = "<group>";
		};
		52FCDEA11C5CA33F00ABC19D /* Controller */ = {
			isa = PBXGroup;
			children = (
				52FCDEA21C5CA37900ABC19D /* PMITabBarController.swift */,
				52FCDEA41C5CA53E00ABC19D /* PMIViewControllerLink.swift */,
			);
			name = Controller;
			sourceTree = "<group>";
		};
		52FCDEA81C5CAF3600ABC19D /* Tests */ = {
			isa = PBXGroup;
			children = (
				52FCDEA61C5CAF1900ABC19D /* PMIViewControllerLinkTests.swift */,
				52FCDEBB1C5CC7F200ABC19D /* PMITabBarControllerTests.swift */,
				52FCDECD1C5CF2C200ABC19D /* Test.storyboard */,
				52FCDED31C5CF85000ABC19D /* TestViewController.swift */,
				52FCDED41C5CF85000ABC19D /* TestViewController.xib */,
				52FCDED71C5D057400ABC19D /* TestViewControllerNoNib.swift */,
				52FCDED91C5D05A500ABC19D /* PMITestCase.swift */,
			);
			name = Tests;
			sourceTree = "<group>";
		};
		52FCDEA91C5CC11D00ABC19D /* UI */ = {
			isa = PBXGroup;
			children = (
				52FCDEAA1C5CC13900ABC19D /* Camera.storyboard */,
			);
			name = UI;
			sourceTree = "<group>";
		};
		52FCDEAC1C5CC16A00ABC19D /* Plant */ = {
			isa = PBXGroup;
			children = (
				52FCDEB81C5CC30F00ABC19D /* UI */,
				52CD8F371C5E54E2002DC9DD /* PlantConfigurator.swift */,
				52CD8F381C5E54E2002DC9DD /* PlantInteractor.swift */,
				52CD8F391C5E54E2002DC9DD /* PlantModels.swift */,
				52CD8F3A1C5E54E2002DC9DD /* PlantPresenter.swift */,
				52CD8F3B1C5E54E2002DC9DD /* PlantRouter.swift */,
				52CD8F3C1C5E54E2002DC9DD /* PlantViewController.swift */,
				52CD8F3D1C5E54E2002DC9DD /* PlantWorker.swift */,
			);
			name = Plant;
			sourceTree = "<group>";
		};
		52FCDEAD1C5CC17A00ABC19D /* Profile */ = {
			isa = PBXGroup;
			children = (
				52FCDEB11C5CC20200ABC19D /* UI */,
			);
			name = Profile;
			sourceTree = "<group>";
		};
		52FCDEB11C5CC20200ABC19D /* UI */ = {
			isa = PBXGroup;
			children = (
				52FCDEB21C5CC20200ABC19D /* Profile.storyboard */,
			);
			name = UI;
			path = Scenes/Profile/UI;
			sourceTree = "<group>";
		};
		52FCDEB81C5CC30F00ABC19D /* UI */ = {
			isa = PBXGroup;
			children = (
				52FCDEB91C5CC30F00ABC19D /* Plant.storyboard */,
			);
			name = UI;
			path = Scenes/Plant/UI;
			sourceTree = "<group>";
		};
		52FCDEC41C5CDEBF00ABC19D /* Support */ = {
			isa = PBXGroup;
			children = (
				52FCDECC1C5CEF8600ABC19D /* PicMapIOS-Bridging-Header.h */,
				52FCDEC51C5CDEBF00ABC19D /* home.gpx */,
				52FCDEC71C5CDEBF00ABC19D /* test-location.gpx */,
			);
			path = Support;
			sourceTree = "<group>";
		};
		52FCDEC81C5CDEBF00ABC19D /* Resource */ = {
			isa = PBXGroup;
			children = (
			);
			path = Resource;
			sourceTree = "<group>";
		};
		93FC1612FE9A670B8B47236C /* Frameworks */ = {
			isa = PBXGroup;
			children = (
				6B117A7EF90D449A2A47C384 /* Pods.framework */,
				17993C673BBA09D2D110D922 /* Pods_PicMapIOSTests.framework */,
			);
			name = Frameworks;
			sourceTree = "<group>";
		};
/* End PBXGroup section */

/* Begin PBXNativeTarget section */
		521C1ED51C5999A6004FBD89 /* PicMapIOS */ = {
			isa = PBXNativeTarget;
			buildConfigurationList = 521C1EFE1C5999A6004FBD89 /* Build configuration list for PBXNativeTarget "PicMapIOS" */;
			buildPhases = (
				099A37D3FB7B151A64B8790F /* Check Pods Manifest.lock */,
				521C1ED21C5999A6004FBD89 /* Sources */,
				521C1ED31C5999A6004FBD89 /* Frameworks */,
				521C1ED41C5999A6004FBD89 /* Resources */,
				AD29BD4FB926DFEB2A905F36 /* Embed Pods Frameworks */,
				F5A6D99C4669F9EEF35C4CA8 /* Copy Pods Resources */,
			);
			buildRules = (
			);
			dependencies = (
			);
			name = PicMapIOS;
			productName = PicMapIOS;
			productReference = 521C1ED61C5999A6004FBD89 /* PicMapIOS.app */;
			productType = "com.apple.product-type.application";
		};
		521C1EE91C5999A6004FBD89 /* PicMapIOSTests */ = {
			isa = PBXNativeTarget;
			buildConfigurationList = 521C1F011C5999A6004FBD89 /* Build configuration list for PBXNativeTarget "PicMapIOSTests" */;
			buildPhases = (
				C63DCECBA633E0A0DDCF37A8 /* Check Pods Manifest.lock */,
				521C1EE61C5999A6004FBD89 /* Sources */,
				521C1EE71C5999A6004FBD89 /* Frameworks */,
				521C1EE81C5999A6004FBD89 /* Resources */,
				0FC849ADA041622069235EC9 /* Embed Pods Frameworks */,
				47FAF580B7D3532DA807E8D9 /* Copy Pods Resources */,
			);
			buildRules = (
			);
			dependencies = (
				521C1EEC1C5999A6004FBD89 /* PBXTargetDependency */,
			);
			name = PicMapIOSTests;
			productName = PicMapIOSTests;
			productReference = 521C1EEA1C5999A6004FBD89 /* PicMapIOSTests.xctest */;
			productType = "com.apple.product-type.bundle.unit-test";
		};
		521C1EF41C5999A6004FBD89 /* PicMapIOSUITests */ = {
			isa = PBXNativeTarget;
			buildConfigurationList = 521C1F041C5999A6004FBD89 /* Build configuration list for PBXNativeTarget "PicMapIOSUITests" */;
			buildPhases = (
				521C1EF11C5999A6004FBD89 /* Sources */,
				521C1EF21C5999A6004FBD89 /* Frameworks */,
				521C1EF31C5999A6004FBD89 /* Resources */,
			);
			buildRules = (
			);
			dependencies = (
				521C1EF71C5999A6004FBD89 /* PBXTargetDependency */,
			);
			name = PicMapIOSUITests;
			productName = PicMapIOSUITests;
			productReference = 521C1EF51C5999A6004FBD89 /* PicMapIOSUITests.xctest */;
			productType = "com.apple.product-type.bundle.ui-testing";
		};
/* End PBXNativeTarget section */

/* Begin PBXProject section */
		521C1ECE1C5999A6004FBD89 /* Project object */ = {
			isa = PBXProject;
			attributes = {
				LastSwiftUpdateCheck = 0720;
				LastUpgradeCheck = 0720;
				ORGANIZATIONNAME = wangchaojs02;
				TargetAttributes = {
					521C1ED51C5999A6004FBD89 = {
						CreatedOnToolsVersion = 7.2;
						DevelopmentTeam = ETP9M9Q97Z;
					};
					521C1EE91C5999A6004FBD89 = {
						CreatedOnToolsVersion = 7.2;
						TestTargetID = 521C1ED51C5999A6004FBD89;
					};
					521C1EF41C5999A6004FBD89 = {
						CreatedOnToolsVersion = 7.2;
						TestTargetID = 521C1ED51C5999A6004FBD89;
					};
				};
			};
			buildConfigurationList = 521C1ED11C5999A6004FBD89 /* Build configuration list for PBXProject "PicMapIOS" */;
			compatibilityVersion = "Xcode 3.2";
			developmentRegion = English;
			hasScannedForEncodings = 0;
			knownRegions = (
				en,
				Base,
			);
			mainGroup = 521C1ECD1C5999A6004FBD89;
			productRefGroup = 521C1ED71C5999A6004FBD89 /* Products */;
			projectDirPath = "";
			projectRoot = "";
			targets = (
				521C1ED51C5999A6004FBD89 /* PicMapIOS */,
				521C1EE91C5999A6004FBD89 /* PicMapIOSTests */,
				521C1EF41C5999A6004FBD89 /* PicMapIOSUITests */,
			);
		};
/* End PBXProject section */

/* Begin PBXResourcesBuildPhase section */
		521C1ED41C5999A6004FBD89 /* Resources */ = {
			isa = PBXResourcesBuildPhase;
			buildActionMask = 2147483647;
			files = (
				527C8D011C599A5C00BA8B0A /* Main.storyboard in Resources */,
				52FCDEAB1C5CC13900ABC19D /* Camera.storyboard in Resources */,
				52FCDEBA1C5CC30F00ABC19D /* Plant.storyboard in Resources */,
				52FCDEB31C5CC20200ABC19D /* Profile.storyboard in Resources */,
				527C8CFF1C599A5C00BA8B0A /* Assets.xcassets in Resources */,
				527C8D001C599A5C00BA8B0A /* LaunchScreen.storyboard in Resources */,
			);
			runOnlyForDeploymentPostprocessing = 0;
		};
		521C1EE81C5999A6004FBD89 /* Resources */ = {
			isa = PBXResourcesBuildPhase;
			buildActionMask = 2147483647;
			files = (
				52FCDED61C5CF85000ABC19D /* TestViewController.xib in Resources */,
				52FCDECE1C5CF2C200ABC19D /* Test.storyboard in Resources */,
			);
			runOnlyForDeploymentPostprocessing = 0;
		};
		521C1EF31C5999A6004FBD89 /* Resources */ = {
			isa = PBXResourcesBuildPhase;
			buildActionMask = 2147483647;
			files = (
			);
			runOnlyForDeploymentPostprocessing = 0;
		};
/* End PBXResourcesBuildPhase section */

/* Begin PBXShellScriptBuildPhase section */
		099A37D3FB7B151A64B8790F /* Check Pods Manifest.lock */ = {
			isa = PBXShellScriptBuildPhase;
			buildActionMask = 2147483647;
			files = (
			);
			inputPaths = (
			);
			name = "Check Pods Manifest.lock";
			outputPaths = (
			);
			runOnlyForDeploymentPostprocessing = 0;
			shellPath = /bin/sh;
			shellScript = "diff \"${PODS_ROOT}/../Podfile.lock\" \"${PODS_ROOT}/Manifest.lock\" > /dev/null\nif [[ $? != 0 ]] ; then\n    cat << EOM\nerror: The sandbox is not in sync with the Podfile.lock. Run 'pod install' or update your CocoaPods installation.\nEOM\n    exit 1\nfi\n";
			showEnvVarsInLog = 0;
		};
		0FC849ADA041622069235EC9 /* Embed Pods Frameworks */ = {
			isa = PBXShellScriptBuildPhase;
			buildActionMask = 2147483647;
			files = (
			);
			inputPaths = (
			);
			name = "Embed Pods Frameworks";
			outputPaths = (
			);
			runOnlyForDeploymentPostprocessing = 0;
			shellPath = /bin/sh;
			shellScript = "\"${SRCROOT}/Pods/Target Support Files/Pods-PicMapIOSTests/Pods-PicMapIOSTests-frameworks.sh\"\n";
			showEnvVarsInLog = 0;
		};
		47FAF580B7D3532DA807E8D9 /* Copy Pods Resources */ = {
			isa = PBXShellScriptBuildPhase;
			buildActionMask = 2147483647;
			files = (
			);
			inputPaths = (
			);
			name = "Copy Pods Resources";
			outputPaths = (
			);
			runOnlyForDeploymentPostprocessing = 0;
			shellPath = /bin/sh;
			shellScript = "\"${SRCROOT}/Pods/Target Support Files/Pods-PicMapIOSTests/Pods-PicMapIOSTests-resources.sh\"\n";
			showEnvVarsInLog = 0;
		};
		AD29BD4FB926DFEB2A905F36 /* Embed Pods Frameworks */ = {
			isa = PBXShellScriptBuildPhase;
			buildActionMask = 2147483647;
			files = (
			);
			inputPaths = (
			);
			name = "Embed Pods Frameworks";
			outputPaths = (
			);
			runOnlyForDeploymentPostprocessing = 0;
			shellPath = /bin/sh;
			shellScript = "\"${SRCROOT}/Pods/Target Support Files/Pods/Pods-frameworks.sh\"\n";
			showEnvVarsInLog = 0;
		};
		C63DCECBA633E0A0DDCF37A8 /* Check Pods Manifest.lock */ = {
			isa = PBXShellScriptBuildPhase;
			buildActionMask = 2147483647;
			files = (
			);
			inputPaths = (
			);
			name = "Check Pods Manifest.lock";
			outputPaths = (
			);
			runOnlyForDeploymentPostprocessing = 0;
			shellPath = /bin/sh;
			shellScript = "diff \"${PODS_ROOT}/../Podfile.lock\" \"${PODS_ROOT}/Manifest.lock\" > /dev/null\nif [[ $? != 0 ]] ; then\n    cat << EOM\nerror: The sandbox is not in sync with the Podfile.lock. Run 'pod install' or update your CocoaPods installation.\nEOM\n    exit 1\nfi\n";
			showEnvVarsInLog = 0;
		};
		F5A6D99C4669F9EEF35C4CA8 /* Copy Pods Resources */ = {
			isa = PBXShellScriptBuildPhase;
			buildActionMask = 2147483647;
			files = (
			);
			inputPaths = (
			);
			name = "Copy Pods Resources";
			outputPaths = (
			);
			runOnlyForDeploymentPostprocessing = 0;
			shellPath = /bin/sh;
			shellScript = "\"${SRCROOT}/Pods/Target Support Files/Pods/Pods-resources.sh\"\n";
			showEnvVarsInLog = 0;
		};
/* End PBXShellScriptBuildPhase section */

/* Begin PBXSourcesBuildPhase section */
		521C1ED21C5999A6004FBD89 /* Sources */ = {
			isa = PBXSourcesBuildPhase;
			buildActionMask = 2147483647;
			files = (
				52CD8F331C5E532B002DC9DD /* UITabBarItem+UseOriginImage.m in Sources */,
				52CD8F351C5E532B002DC9DD /* UIView+Factory.swift in Sources */,
				52CD8F3F1C5E54E2002DC9DD /* PlantInteractor.swift in Sources */,
				52CD8F401C5E54E2002DC9DD /* PlantModels.swift in Sources */,
				52972ACE1C5E71F000AE7D4E /* Either.swift in Sources */,
				527C8CFE1C599A5C00BA8B0A /* AppDelegate.swift in Sources */,
				52CD8F2C1C5E532B002DC9DD /* NSObject+ClassName.swift in Sources */,
				52CD8F301C5E532B002DC9DD /* MMTabBarItem.swift in Sources */,
				52FCDE9C1C5CA1CD00ABC19D /* CameraModels.swift in Sources */,
				52FCDEA31C5CA37900ABC19D /* PMITabBarController.swift in Sources */,
				52CD8F441C5E54E2002DC9DD /* PlantWorker.swift in Sources */,
				52CD8F321C5E532B002DC9DD /* MPXIBView.swift in Sources */,
				52CD8F431C5E54E2002DC9DD /* PlantViewController.swift in Sources */,
				52CD8F411C5E54E2002DC9DD /* PlantPresenter.swift in Sources */,
				52CD8F341C5E532B002DC9DD /* UITableView+Extension.swift in Sources */,
				52FCDE9E1C5CA1CD00ABC19D /* CameraRouter.swift in Sources */,
				52FCDE9B1C5CA1CD00ABC19D /* CameraInteractor.swift in Sources */,
				52CD8F361C5E532B002DC9DD /* MMTabBarController.m in Sources */,
				52CD8F3E1C5E54E2002DC9DD /* PlantConfigurator.swift in Sources */,
				52CD8F2D1C5E532B002DC9DD /* Number+Random.swift in Sources */,
				52CD8F421C5E54E2002DC9DD /* PlantRouter.swift in Sources */,
				52CD8F2F1C5E532B002DC9DD /* MMArrayTableViewProxy.swift in Sources */,
				52FCDE9D1C5CA1CD00ABC19D /* CameraPresenter.swift in Sources */,
				52FCDE9F1C5CA1CD00ABC19D /* CameraViewController.swift in Sources */,
				52FCDE9A1C5CA1CD00ABC19D /* CameraConfigurator.swift in Sources */,
				52CD8F2E1C5E532B002DC9DD /* MMArrayCollectionViewProxy.swift in Sources */,
				52CD8F311C5E532B002DC9DD /* MPLabel.swift in Sources */,
				52FCDEA01C5CA1CD00ABC19D /* CameraWorker.swift in Sources */,
				52CD8F2B1C5E532B002DC9DD /* Coordinate2DTransform.swift in Sources */,
				52FCDEA51C5CA53E00ABC19D /* PMIViewControllerLink.swift in Sources */,
			);
			runOnlyForDeploymentPostprocessing = 0;
		};
		521C1EE61C5999A6004FBD89 /* Sources */ = {
			isa = PBXSourcesBuildPhase;
			buildActionMask = 2147483647;
			files = (
				52FCDEDA1C5D05A500ABC19D /* PMITestCase.swift in Sources */,
				52FCDEBC1C5CC7F200ABC19D /* PMITabBarControllerTests.swift in Sources */,
				52FCDED81C5D057400ABC19D /* TestViewControllerNoNib.swift in Sources */,
				52FCDED51C5CF85000ABC19D /* TestViewController.swift in Sources */,
				52FCDEA71C5CAF1900ABC19D /* PMIViewControllerLinkTests.swift in Sources */,
			);
			runOnlyForDeploymentPostprocessing = 0;
		};
		521C1EF11C5999A6004FBD89 /* Sources */ = {
			isa = PBXSourcesBuildPhase;
			buildActionMask = 2147483647;
			files = (
				521C1EFA1C5999A6004FBD89 /* PicMapIOSUITests.swift in Sources */,
			);
			runOnlyForDeploymentPostprocessing = 0;
		};
/* End PBXSourcesBuildPhase section */

/* Begin PBXTargetDependency section */
		521C1EEC1C5999A6004FBD89 /* PBXTargetDependency */ = {
			isa = PBXTargetDependency;
			target = 521C1ED51C5999A6004FBD89 /* PicMapIOS */;
			targetProxy = 521C1EEB1C5999A6004FBD89 /* PBXContainerItemProxy */;
		};
		521C1EF71C5999A6004FBD89 /* PBXTargetDependency */ = {
			isa = PBXTargetDependency;
			target = 521C1ED51C5999A6004FBD89 /* PicMapIOS */;
			targetProxy = 521C1EF61C5999A6004FBD89 /* PBXContainerItemProxy */;
		};
/* End PBXTargetDependency section */

/* Begin PBXVariantGroup section */
		527C8CFA1C599A5C00BA8B0A /* LaunchScreen.storyboard */ = {
			isa = PBXVariantGroup;
			children = (
				527C8CFB1C599A5C00BA8B0A /* Base */,
			);
			name = LaunchScreen.storyboard;
			sourceTree = "<group>";
		};
		527C8CFC1C599A5C00BA8B0A /* Main.storyboard */ = {
			isa = PBXVariantGroup;
			children = (
				527C8CFD1C599A5C00BA8B0A /* Base */,
			);
			name = Main.storyboard;
			sourceTree = "<group>";
		};
/* End PBXVariantGroup section */

/* Begin XCBuildConfiguration section */
		521C1EFC1C5999A6004FBD89 /* Debug */ = {
			isa = XCBuildConfiguration;
			buildSettings = {
				ALWAYS_SEARCH_USER_PATHS = NO;
				CLANG_CXX_LANGUAGE_STANDARD = "gnu++0x";
				CLANG_CXX_LIBRARY = "libc++";
				CLANG_ENABLE_MODULES = YES;
				CLANG_ENABLE_OBJC_ARC = YES;
				CLANG_WARN_BOOL_CONVERSION = YES;
				CLANG_WARN_CONSTANT_CONVERSION = YES;
				CLANG_WARN_DIRECT_OBJC_ISA_USAGE = YES_ERROR;
				CLANG_WARN_EMPTY_BODY = YES;
				CLANG_WARN_ENUM_CONVERSION = YES;
				CLANG_WARN_INT_CONVERSION = YES;
				CLANG_WARN_OBJC_ROOT_CLASS = YES_ERROR;
				CLANG_WARN_UNREACHABLE_CODE = YES;
				CLANG_WARN__DUPLICATE_METHOD_MATCH = YES;
				"CODE_SIGN_IDENTITY[sdk=iphoneos*]" = "iPhone Developer";
				COPY_PHASE_STRIP = NO;
				DEBUG_INFORMATION_FORMAT = dwarf;
				ENABLE_STRICT_OBJC_MSGSEND = YES;
				ENABLE_TESTABILITY = YES;
				GCC_C_LANGUAGE_STANDARD = gnu99;
				GCC_DYNAMIC_NO_PIC = NO;
				GCC_NO_COMMON_BLOCKS = YES;
				GCC_OPTIMIZATION_LEVEL = 0;
				GCC_PREPROCESSOR_DEFINITIONS = (
					"DEBUG=1",
					"$(inherited)",
				);
				GCC_WARN_64_TO_32_BIT_CONVERSION = YES;
				GCC_WARN_ABOUT_RETURN_TYPE = YES_ERROR;
				GCC_WARN_UNDECLARED_SELECTOR = YES;
				GCC_WARN_UNINITIALIZED_AUTOS = YES_AGGRESSIVE;
				GCC_WARN_UNUSED_FUNCTION = YES;
				GCC_WARN_UNUSED_VARIABLE = YES;
				IPHONEOS_DEPLOYMENT_TARGET = 9.2;
				MTL_ENABLE_DEBUG_INFO = YES;
				ONLY_ACTIVE_ARCH = YES;
				SDKROOT = iphoneos;
				SWIFT_OPTIMIZATION_LEVEL = "-Onone";
			};
			name = Debug;
		};
		521C1EFD1C5999A6004FBD89 /* Release */ = {
			isa = XCBuildConfiguration;
			buildSettings = {
				ALWAYS_SEARCH_USER_PATHS = NO;
				CLANG_CXX_LANGUAGE_STANDARD = "gnu++0x";
				CLANG_CXX_LIBRARY = "libc++";
				CLANG_ENABLE_MODULES = YES;
				CLANG_ENABLE_OBJC_ARC = YES;
				CLANG_WARN_BOOL_CONVERSION = YES;
				CLANG_WARN_CONSTANT_CONVERSION = YES;
				CLANG_WARN_DIRECT_OBJC_ISA_USAGE = YES_ERROR;
				CLANG_WARN_EMPTY_BODY = YES;
				CLANG_WARN_ENUM_CONVERSION = YES;
				CLANG_WARN_INT_CONVERSION = YES;
				CLANG_WARN_OBJC_ROOT_CLASS = YES_ERROR;
				CLANG_WARN_UNREACHABLE_CODE = YES;
				CLANG_WARN__DUPLICATE_METHOD_MATCH = YES;
				"CODE_SIGN_IDENTITY[sdk=iphoneos*]" = "iPhone Developer";
				COPY_PHASE_STRIP = NO;
				DEBUG_INFORMATION_FORMAT = "dwarf-with-dsym";
				ENABLE_NS_ASSERTIONS = NO;
				ENABLE_STRICT_OBJC_MSGSEND = YES;
				GCC_C_LANGUAGE_STANDARD = gnu99;
				GCC_NO_COMMON_BLOCKS = YES;
				GCC_WARN_64_TO_32_BIT_CONVERSION = YES;
				GCC_WARN_ABOUT_RETURN_TYPE = YES_ERROR;
				GCC_WARN_UNDECLARED_SELECTOR = YES;
				GCC_WARN_UNINITIALIZED_AUTOS = YES_AGGRESSIVE;
				GCC_WARN_UNUSED_FUNCTION = YES;
				GCC_WARN_UNUSED_VARIABLE = YES;
				IPHONEOS_DEPLOYMENT_TARGET = 9.2;
				MTL_ENABLE_DEBUG_INFO = NO;
				SDKROOT = iphoneos;
				VALIDATE_PRODUCT = YES;
			};
			name = Release;
		};
		521C1EFF1C5999A6004FBD89 /* Debug */ = {
			isa = XCBuildConfiguration;
			baseConfigurationReference = 50AB1794B443698F5EF3E39D /* Pods.debug.xcconfig */;
			buildSettings = {
				ASSETCATALOG_COMPILER_APPICON_NAME = AppIcon;
				ASSETCATALOG_COMPILER_LAUNCHIMAGE_NAME = LaunchImage;
				CLANG_ENABLE_MODULES = YES;
				CODE_SIGN_IDENTITY = "iPhone Developer";
				INFOPLIST_FILE = PicMapIOS/Info.plist;
				IPHONEOS_DEPLOYMENT_TARGET = 8.0;
				LD_RUNPATH_SEARCH_PATHS = "$(inherited) @executable_path/Frameworks";
				PRODUCT_BUNDLE_IDENTIFIER = com.magicpocket.PicMapIOS;
				PRODUCT_NAME = "$(TARGET_NAME)";
				SWIFT_OBJC_BRIDGING_HEADER = "PicMapIOS/PicMapIOS-Bridging-Header.h";
				SWIFT_OPTIMIZATION_LEVEL = "-Onone";
			};
			name = Debug;
		};
		521C1F001C5999A6004FBD89 /* Release */ = {
			isa = XCBuildConfiguration;
			baseConfigurationReference = 5E0128B0EF191FDFD7D99233 /* Pods.release.xcconfig */;
			buildSettings = {
				ASSETCATALOG_COMPILER_APPICON_NAME = AppIcon;
				ASSETCATALOG_COMPILER_LAUNCHIMAGE_NAME = LaunchImage;
				CLANG_ENABLE_MODULES = YES;
				CODE_SIGN_IDENTITY = "iPhone Developer";
				INFOPLIST_FILE = PicMapIOS/Info.plist;
				IPHONEOS_DEPLOYMENT_TARGET = 8.0;
				LD_RUNPATH_SEARCH_PATHS = "$(inherited) @executable_path/Frameworks";
				PRODUCT_BUNDLE_IDENTIFIER = com.magicpocket.PicMapIOS;
				PRODUCT_NAME = "$(TARGET_NAME)";
				SWIFT_OBJC_BRIDGING_HEADER = "PicMapIOS/PicMapIOS-Bridging-Header.h";
			};
			name = Release;
		};
		521C1F021C5999A6004FBD89 /* Debug */ = {
			isa = XCBuildConfiguration;
			baseConfigurationReference = 063DCCA166B75E93B2718FA6 /* Pods-PicMapIOSTests.debug.xcconfig */;
			buildSettings = {
				BUNDLE_LOADER = "$(TEST_HOST)";
				INFOPLIST_FILE = PicMapIOSTests/Info.plist;
				LD_RUNPATH_SEARCH_PATHS = "$(inherited) @executable_path/Frameworks @loader_path/Frameworks";
				PRODUCT_BUNDLE_IDENTIFIER = com.magicpocket.PicMapIOSTests;
				PRODUCT_NAME = "$(TARGET_NAME)";
				TEST_HOST = "$(BUILT_PRODUCTS_DIR)/PicMapIOS.app/PicMapIOS";
			};
			name = Debug;
		};
		521C1F031C5999A6004FBD89 /* Release */ = {
			isa = XCBuildConfiguration;
			baseConfigurationReference = EB5B78C81664C93A9086EB41 /* Pods-PicMapIOSTests.release.xcconfig */;
			buildSettings = {
				BUNDLE_LOADER = "$(TEST_HOST)";
				INFOPLIST_FILE = PicMapIOSTests/Info.plist;
				LD_RUNPATH_SEARCH_PATHS = "$(inherited) @executable_path/Frameworks @loader_path/Frameworks";
				PRODUCT_BUNDLE_IDENTIFIER = com.magicpocket.PicMapIOSTests;
				PRODUCT_NAME = "$(TARGET_NAME)";
				TEST_HOST = "$(BUILT_PRODUCTS_DIR)/PicMapIOS.app/PicMapIOS";
			};
			name = Release;
		};
		521C1F051C5999A6004FBD89 /* Debug */ = {
			isa = XCBuildConfiguration;
			buildSettings = {
				INFOPLIST_FILE = PicMapIOSUITests/Info.plist;
				LD_RUNPATH_SEARCH_PATHS = "$(inherited) @executable_path/Frameworks @loader_path/Frameworks";
				PRODUCT_BUNDLE_IDENTIFIER = com.magicpocket.PicMapIOSUITests;
				PRODUCT_NAME = "$(TARGET_NAME)";
				TEST_TARGET_NAME = PicMapIOS;
				USES_XCTRUNNER = YES;
			};
			name = Debug;
		};
		521C1F061C5999A6004FBD89 /* Release */ = {
			isa = XCBuildConfiguration;
			buildSettings = {
				INFOPLIST_FILE = PicMapIOSUITests/Info.plist;
				LD_RUNPATH_SEARCH_PATHS = "$(inherited) @executable_path/Frameworks @loader_path/Frameworks";
				PRODUCT_BUNDLE_IDENTIFIER = com.magicpocket.PicMapIOSUITests;
				PRODUCT_NAME = "$(TARGET_NAME)";
				TEST_TARGET_NAME = PicMapIOS;
				USES_XCTRUNNER = YES;
			};
			name = Release;
		};
/* End XCBuildConfiguration section */

/* Begin XCConfigurationList section */
		521C1ED11C5999A6004FBD89 /* Build configuration list for PBXProject "PicMapIOS" */ = {
			isa = XCConfigurationList;
			buildConfigurations = (
				521C1EFC1C5999A6004FBD89 /* Debug */,
				521C1EFD1C5999A6004FBD89 /* Release */,
			);
			defaultConfigurationIsVisible = 0;
			defaultConfigurationName = Release;
		};
		521C1EFE1C5999A6004FBD89 /* Build configuration list for PBXNativeTarget "PicMapIOS" */ = {
			isa = XCConfigurationList;
			buildConfigurations = (
				521C1EFF1C5999A6004FBD89 /* Debug */,
				521C1F001C5999A6004FBD89 /* Release */,
			);
			defaultConfigurationIsVisible = 0;
			defaultConfigurationName = Release;
		};
		521C1F011C5999A6004FBD89 /* Build configuration list for PBXNativeTarget "PicMapIOSTests" */ = {
			isa = XCConfigurationList;
			buildConfigurations = (
				521C1F021C5999A6004FBD89 /* Debug */,
				521C1F031C5999A6004FBD89 /* Release */,
			);
			defaultConfigurationIsVisible = 0;
			defaultConfigurationName = Release;
		};
		521C1F041C5999A6004FBD89 /* Build configuration list for PBXNativeTarget "PicMapIOSUITests" */ = {
			isa = XCConfigurationList;
			buildConfigurations = (
				521C1F051C5999A6004FBD89 /* Debug */,
				521C1F061C5999A6004FBD89 /* Release */,
			);
			defaultConfigurationIsVisible = 0;
			defaultConfigurationName = Release;
		};
/* End XCConfigurationList section */
	};
	rootObject = 521C1ECE1C5999A6004FBD89 /* Project object */;
}
